
Microsoft Visual Studio Solution File, Format Version 12.00
# Visual Studio Version 17
VisualStudioVersion = 17.11.35222.181
MinimumVisualStudioVersion = 10.0.40219.1
Project("{FAE04EC0-301F-11D3-BF4B-00C04F79EFBC}") = "WinFormsTest", "WinFormsTest\WinFormsTest.csproj", "{AC983C3A-746C-4943-8FEC-96DC4C27FEBD}"
EndProject
Global
	GlobalSection(SolutionConfigurationPlatforms) = preSolution
		Debug|Any CPU = Debug|Any CPU
		Release|Any CPU = Release|Any CPU
	EndGlobalSection
	GlobalSection(ProjectConfigurationPlatforms) = postSolution
		{AC983C3A-746C-4943-8FEC-96DC4C27FEBD}.Debug|Any CPU.ActiveCfg = Debug|Any CPU
		{AC983C3A-746C-4943-8FEC-96DC4C27FEBD}.Debug|Any CPU.Build.0 = Debug|Any CPU
		{AC983C3A-746C-4943-8FEC-96DC4C27FEBD}.Release|Any CPU.ActiveCfg = Release|Any CPU
		{AC983C3A-746C-4943-8FEC-96DC4C27FEBD}.Release|Any CPU.Build.0 = Release|Any CPU
	EndGlobalSection
	GlobalSection(SolutionProperties) = preSolution
		HideSolutionNode = FALSE
	EndGlobalSection
	GlobalSection(ExtensibilityGlobals) = postSolution
		SolutionGuid = {195E5D4E-EBFE-455F-8BD9-C1EE2442D8AC}
	EndGlobalSection
EndGlobal
