
Microsoft Visual Studio Solution File, Format Version 12.00
# Visual Studio Version 17
VisualStudioVersion = 17.11.35222.181
MinimumVisualStudioVersion = 10.0.40219.1
Project("{FAE04EC0-301F-11D3-BF4B-00C04F79EFBC}") = "WPFTesting", "WPFTesting\WPFTesting.csproj", "{FAB0EB5B-5295-4F35-B0BD-1CC9EA8BAC1B}"
EndProject
Global
	GlobalSection(SolutionConfigurationPlatforms) = preSolution
		Debug|Any CPU = Debug|Any CPU
		Release|Any CPU = Release|Any CPU
	EndGlobalSection
	GlobalSection(ProjectConfigurationPlatforms) = postSolution
		{FAB0EB5B-5295-4F35-B0BD-1CC9EA8BAC1B}.Debug|Any CPU.ActiveCfg = Debug|Any CPU
		{FAB0EB5B-5295-4F35-B0BD-1CC9EA8BAC1B}.Debug|Any CPU.Build.0 = Debug|Any CPU
		{FAB0EB5B-5295-4F35-B0BD-1CC9EA8BAC1B}.Release|Any CPU.ActiveCfg = Release|Any CPU
		{FAB0EB5B-5295-4F35-B0BD-1CC9EA8BAC1B}.Release|Any CPU.Build.0 = Release|Any CPU
	EndGlobalSection
	GlobalSection(SolutionProperties) = preSolution
		HideSolutionNode = FALSE
	EndGlobalSection
	GlobalSection(ExtensibilityGlobals) = postSolution
		SolutionGuid = {E7DE554D-C46D-4770-87E4-517BFD48E25F}
	EndGlobalSection
EndGlobal
